<Solution>
  <Folder Name="/src/">
    <Project Path="src/NtmScheduler.Core/NtmScheduler.Core.csproj" />
    <Project Path="src/NtmScheduler.Infrastructure/NtmScheduler.Infrastructure.csproj" />
    <Project Path="src/NtmScheduler.Web/NtmScheduler.Web.csproj" />
  </Folder>
  <Folder Name="/tests/">
    <Project Path="tests/NtmScheduler.Tests/NtmScheduler.Tests.csproj" />
  </Folder>
</Solution>
