<Solution>
  <Folder Name="/src/">
    <Project Path="src/NtmScheduler.Cli/NtmScheduler.Cli.csproj" />
    <Project Path="src/NtmScheduler.Solvers/NtmScheduler.Solvers.csproj" />
  </Folder>
  <Folder Name="/tests/">
    <Project Path="tests/NtmScheduler.Solvers.Tests/NtmScheduler.Solvers.Tests.csproj" />
  </Folder>
</Solution>
